
Microsoft Visual Studio Solution File, Format Version 12.00
# Visual Studio Version 17
VisualStudioVersion = 17.9.34701.34
MinimumVisualStudioVersion = 10.0.40219.1
Project("{FAE04EC0-301F-11D3-BF4B-00C04F79EFBC}") = "LoginRegisterMySQL", "FirebaseSingUp\LoginRegisterMySQL.csproj", "{6444E7BD-337E-4D50-8385-92A8935A8E3D}"
EndProject
Global
	GlobalSection(SolutionConfigurationPlatforms) = preSolution
		Debug|Any CPU = Debug|Any CPU
		Release|Any CPU = Release|Any CPU
	EndGlobalSection
	GlobalSection(ProjectConfigurationPlatforms) = postSolution
		{6444E7BD-337E-4D50-8385-92A8935A8E3D}.Debug|Any CPU.ActiveCfg = Debug|Any CPU
		{6444E7BD-337E-4D50-8385-92A8935A8E3D}.Debug|Any CPU.Build.0 = Debug|Any CPU
		{6444E7BD-337E-4D50-8385-92A8935A8E3D}.Release|Any CPU.ActiveCfg = Release|Any CPU
		{6444E7BD-337E-4D50-8385-92A8935A8E3D}.Release|Any CPU.Build.0 = Release|Any CPU
	EndGlobalSection
	GlobalSection(SolutionProperties) = preSolution
		HideSolutionNode = FALSE
	EndGlobalSection
	GlobalSection(ExtensibilityGlobals) = postSolution
		SolutionGuid = {79C0B114-11F6-4D8D-8EFF-6A2DEF9F4019}
	EndGlobalSection
EndGlobal
